// !$*UTF8*$!
{
	archiveVersion = 1;
	classes = {
	};
	objectVersion = 46;
	objects = {

/* Begin PBXBuildFile section */
		B943234E156C456200EB15C1 /* TPLoginViewController.m in Sources */ = {isa = PBXBuildFile; fileRef = B943234D156C456200EB15C1 /* TPLoginViewController.m */; };
		B9432352156C49AE00EB15C1 /* TPSignupViewController.m in Sources */ = {isa = PBXBuildFile; fileRef = B9432351156C49AE00EB15C1 /* TPSignupViewController.m */; };
		B956AF60156ACD81007BEA6B /* UIKit.framework in Frameworks */ = {isa = PBXBuildFile; fileRef = B956AF5F156ACD81007BEA6B /* UIKit.framework */; };
		B956AF62156ACD81007BEA6B /* Foundation.framework in Frameworks */ = {isa = PBXBuildFile; fileRef = B956AF61156ACD81007BEA6B /* Foundation.framework */; };
		B956AF64156ACD81007BEA6B /* CoreGraphics.framework in Frameworks */ = {isa = PBXBuildFile; fileRef = B956AF63156ACD81007BEA6B /* CoreGraphics.framework */; };
		B956AF6A156ACD81007BEA6B /* InfoPlist.strings in Resources */ = {isa = PBXBuildFile; fileRef = B956AF68156ACD81007BEA6B /* InfoPlist.strings */; };
		B956AF6C156ACD81007BEA6B /* main.m in Sources */ = {isa = PBXBuildFile; fileRef = B956AF6B156ACD81007BEA6B /* main.m */; };
		B956AF70156ACD81007BEA6B /* TPAppDelegate.m in Sources */ = {isa = PBXBuildFile; fileRef = B956AF6F156ACD81007BEA6B /* TPAppDelegate.m */; };
		B956AF73156ACD81007BEA6B /* MainStoryboard.storyboard in Resources */ = {isa = PBXBuildFile; fileRef = B956AF71156ACD81007BEA6B /* MainStoryboard.storyboard */; };
		B956AF76156ACD81007BEA6B /* TPChatViewController.m in Sources */ = {isa = PBXBuildFile; fileRef = B956AF75156ACD81007BEA6B /* TPChatViewController.m */; };
		B956AF78156ACD81007BEA6B /* first.png in Resources */ = {isa = PBXBuildFile; fileRef = B956AF77156ACD81007BEA6B /* first.png */; };
		B956AF7A156ACD82007BEA6B /* first@2x.png in Resources */ = {isa = PBXBuildFile; fileRef = B956AF79156ACD82007BEA6B /* first@2x.png */; };
		B956AF7D156ACD82007BEA6B /* TPInfoViewController.m in Sources */ = {isa = PBXBuildFile; fileRef = B956AF7C156ACD82007BEA6B /* TPInfoViewController.m */; };
		B956AF7F156ACD82007BEA6B /* second.png in Resources */ = {isa = PBXBuildFile; fileRef = B956AF7E156ACD82007BEA6B /* second.png */; };
		B956AF81156ACD82007BEA6B /* second@2x.png in Resources */ = {isa = PBXBuildFile; fileRef = B956AF80156ACD82007BEA6B /* second@2x.png */; };
		B956AF9C156AD6C2007BEA6B /* TPUser.m in Sources */ = {isa = PBXBuildFile; fileRef = B956AF9B156AD6C2007BEA6B /* TPUser.m */; };
		B9C145C8156B0E890066EDB5 /* TPChatEntry.m in Sources */ = {isa = PBXBuildFile; fileRef = B9C145C7156B0E890066EDB5 /* TPChatEntry.m */; };
		B9C145CE156C09E40066EDB5 /* TPTableViewCellUser.m in Sources */ = {isa = PBXBuildFile; fileRef = B9C145CD156C09E40066EDB5 /* TPTableViewCellUser.m */; };
		B9C145D1156C12E30066EDB5 /* TPTableViewCellPartner.m in Sources */ = {isa = PBXBuildFile; fileRef = B9C145D0156C12E30066EDB5 /* TPTableViewCellPartner.m */; };
/* End PBXBuildFile section */

/* Begin PBXFileReference section */
		B943234C156C456200EB15C1 /* TPLoginViewController.h */ = {isa = PBXFileReference; fileEncoding = 4; lastKnownFileType = sourcecode.c.h; path = TPLoginViewController.h; sourceTree = "<group>"; };
		B943234D156C456200EB15C1 /* TPLoginViewController.m */ = {isa = PBXFileReference; fileEncoding = 4; lastKnownFileType = sourcecode.c.objc; path = TPLoginViewController.m; sourceTree = "<group>"; };
		B9432350156C49AE00EB15C1 /* TPSignupViewController.h */ = {isa = PBXFileReference; fileEncoding = 4; lastKnownFileType = sourcecode.c.h; path = TPSignupViewController.h; sourceTree = "<group>"; };
		B9432351156C49AE00EB15C1 /* TPSignupViewController.m */ = {isa = PBXFileReference; fileEncoding = 4; lastKnownFileType = sourcecode.c.objc; path = TPSignupViewController.m; sourceTree = "<group>"; };
		B956AF5B156ACD81007BEA6B /* TouchPals.app */ = {isa = PBXFileReference; explicitFileType = wrapper.application; includeInIndex = 0; path = TouchPals.app; sourceTree = BUILT_PRODUCTS_DIR; };
		B956AF5F156ACD81007BEA6B /* UIKit.framework */ = {isa = PBXFileReference; lastKnownFileType = wrapper.framework; name = UIKit.framework; path = System/Library/Frameworks/UIKit.framework; sourceTree = SDKROOT; };
		B956AF61156ACD81007BEA6B /* Foundation.framework */ = {isa = PBXFileReference; lastKnownFileType = wrapper.framework; name = Foundation.framework; path = System/Library/Frameworks/Foundation.framework; sourceTree = SDKROOT; };
		B956AF63156ACD81007BEA6B /* CoreGraphics.framework */ = {isa = PBXFileReference; lastKnownFileType = wrapper.framework; name = CoreGraphics.framework; path = System/Library/Frameworks/CoreGraphics.framework; sourceTree = SDKROOT; };
		B956AF67156ACD81007BEA6B /* TouchPals-Info.plist */ = {isa = PBXFileReference; lastKnownFileType = text.plist.xml; path = "TouchPals-Info.plist"; sourceTree = "<group>"; };
		B956AF69156ACD81007BEA6B /* en */ = {isa = PBXFileReference; lastKnownFileType = text.plist.strings; name = en; path = en.lproj/InfoPlist.strings; sourceTree = "<group>"; };
		B956AF6B156ACD81007BEA6B /* main.m */ = {isa = PBXFileReference; lastKnownFileType = sourcecode.c.objc; path = main.m; sourceTree = "<group>"; };
		B956AF6D156ACD81007BEA6B /* TouchPals-Prefix.pch */ = {isa = PBXFileReference; lastKnownFileType = sourcecode.c.h; path = "TouchPals-Prefix.pch"; sourceTree = "<group>"; };
		B956AF6E156ACD81007BEA6B /* TPAppDelegate.h */ = {isa = PBXFileReference; lastKnownFileType = sourcecode.c.h; path = TPAppDelegate.h; sourceTree = "<group>"; };
		B956AF6F156ACD81007BEA6B /* TPAppDelegate.m */ = {isa = PBXFileReference; lastKnownFileType = sourcecode.c.objc; path = TPAppDelegate.m; sourceTree = "<group>"; };
		B956AF72156ACD81007BEA6B /* en */ = {isa = PBXFileReference; lastKnownFileType = file.storyboard; name = en; path = en.lproj/MainStoryboard.storyboard; sourceTree = "<group>"; };
		B956AF74156ACD81007BEA6B /* TPChatViewController.h */ = {isa = PBXFileReference; lastKnownFileType = sourcecode.c.h; path = TPChatViewController.h; sourceTree = "<group>"; };
		B956AF75156ACD81007BEA6B /* TPChatViewController.m */ = {isa = PBXFileReference; lastKnownFileType = sourcecode.c.objc; path = TPChatViewController.m; sourceTree = "<group>"; };
		B956AF77156ACD81007BEA6B /* first.png */ = {isa = PBXFileReference; lastKnownFileType = image.png; path = first.png; sourceTree = "<group>"; };
		B956AF79156ACD82007BEA6B /* first@2x.png */ = {isa = PBXFileReference; lastKnownFileType = image.png; path = "first@2x.png"; sourceTree = "<group>"; };
		B956AF7B156ACD82007BEA6B /* TPInfoViewController.h */ = {isa = PBXFileReference; lastKnownFileType = sourcecode.c.h; path = TPInfoViewController.h; sourceTree = "<group>"; };
		B956AF7C156ACD82007BEA6B /* TPInfoViewController.m */ = {isa = PBXFileReference; lastKnownFileType = sourcecode.c.objc; path = TPInfoViewController.m; sourceTree = "<group>"; };
		B956AF7E156ACD82007BEA6B /* second.png */ = {isa = PBXFileReference; lastKnownFileType = image.png; path = second.png; sourceTree = "<group>"; };
		B956AF80156ACD82007BEA6B /* second@2x.png */ = {isa = PBXFileReference; lastKnownFileType = image.png; path = "second@2x.png"; sourceTree = "<group>"; };
		B956AF9A156AD6C2007BEA6B /* TPUser.h */ = {isa = PBXFileReference; fileEncoding = 4; lastKnownFileType = sourcecode.c.h; path = TPUser.h; sourceTree = "<group>"; };
		B956AF9B156AD6C2007BEA6B /* TPUser.m */ = {isa = PBXFileReference; fileEncoding = 4; lastKnownFileType = sourcecode.c.objc; path = TPUser.m; sourceTree = "<group>"; };
		B9C145C6156B0E890066EDB5 /* TPChatEntry.h */ = {isa = PBXFileReference; fileEncoding = 4; lastKnownFileType = sourcecode.c.h; path = TPChatEntry.h; sourceTree = "<group>"; };
		B9C145C7156B0E890066EDB5 /* TPChatEntry.m */ = {isa = PBXFileReference; fileEncoding = 4; lastKnownFileType = sourcecode.c.objc; path = TPChatEntry.m; sourceTree = "<group>"; };
		B9C145CC156C09E40066EDB5 /* TPTableViewCellUser.h */ = {isa = PBXFileReference; fileEncoding = 4; lastKnownFileType = sourcecode.c.h; path = TPTableViewCellUser.h; sourceTree = "<group>"; };
		B9C145CD156C09E40066EDB5 /* TPTableViewCellUser.m */ = {isa = PBXFileReference; fileEncoding = 4; lastKnownFileType = sourcecode.c.objc; path = TPTableViewCellUser.m; sourceTree = "<group>"; };
		B9C145CF156C12E30066EDB5 /* TPTableViewCellPartner.h */ = {isa = PBXFileReference; fileEncoding = 4; lastKnownFileType = sourcecode.c.h; path = TPTableViewCellPartner.h; sourceTree = "<group>"; };
		B9C145D0156C12E30066EDB5 /* TPTableViewCellPartner.m */ = {isa = PBXFileReference; fileEncoding = 4; lastKnownFileType = sourcecode.c.objc; path = TPTableViewCellPartner.m; sourceTree = "<group>"; };
/* End PBXFileReference section */

/* Begin PBXFrameworksBuildPhase section */
		B956AF58156ACD81007BEA6B /* Frameworks */ = {
			isa = PBXFrameworksBuildPhase;
			buildActionMask = 2147483647;
			files = (
				B956AF60156ACD81007BEA6B /* UIKit.framework in Frameworks */,
				B956AF62156ACD81007BEA6B /* Foundation.framework in Frameworks */,
				B956AF64156ACD81007BEA6B /* CoreGraphics.framework in Frameworks */,
			);
			runOnlyForDeploymentPostprocessing = 0;
		};
/* End PBXFrameworksBuildPhase section */

/* Begin PBXGroup section */
		B956AF50156ACD81007BEA6B = {
			isa = PBXGroup;
			children = (
				B956AF65156ACD81007BEA6B /* TouchPals */,
				B956AF5E156ACD81007BEA6B /* Frameworks */,
				B956AF5C156ACD81007BEA6B /* Products */,
			);
			sourceTree = "<group>";
		};
		B956AF5C156ACD81007BEA6B /* Products */ = {
			isa = PBXGroup;
			children = (
				B956AF5B156ACD81007BEA6B /* TouchPals.app */,
			);
			name = Products;
			sourceTree = "<group>";
		};
		B956AF5E156ACD81007BEA6B /* Frameworks */ = {
			isa = PBXGroup;
			children = (
				B956AF5F156ACD81007BEA6B /* UIKit.framework */,
				B956AF61156ACD81007BEA6B /* Foundation.framework */,
				B956AF63156ACD81007BEA6B /* CoreGraphics.framework */,
			);
			name = Frameworks;
			sourceTree = "<group>";
		};
		B956AF65156ACD81007BEA6B /* TouchPals */ = {
			isa = PBXGroup;
			children = (
				B9C145CC156C09E40066EDB5 /* TPTableViewCellUser.h */,
				B9C145CD156C09E40066EDB5 /* TPTableViewCellUser.m */,
				B9C145CF156C12E30066EDB5 /* TPTableViewCellPartner.h */,
				B9C145D0156C12E30066EDB5 /* TPTableViewCellPartner.m */,
				B9C145C6156B0E890066EDB5 /* TPChatEntry.h */,
				B9C145C7156B0E890066EDB5 /* TPChatEntry.m */,
				B956AF71156ACD81007BEA6B /* MainStoryboard.storyboard */,
				B956AF6E156ACD81007BEA6B /* TPAppDelegate.h */,
				B956AF6F156ACD81007BEA6B /* TPAppDelegate.m */,
				B943234C156C456200EB15C1 /* TPLoginViewController.h */,
				B943234D156C456200EB15C1 /* TPLoginViewController.m */,
				B9432350156C49AE00EB15C1 /* TPSignupViewController.h */,
				B9432351156C49AE00EB15C1 /* TPSignupViewController.m */,
				B956AF9A156AD6C2007BEA6B /* TPUser.h */,
				B956AF9B156AD6C2007BEA6B /* TPUser.m */,
				B956AF74156ACD81007BEA6B /* TPChatViewController.h */,
				B956AF75156ACD81007BEA6B /* TPChatViewController.m */,
				B956AF7B156ACD82007BEA6B /* TPInfoViewController.h */,
				B956AF7C156ACD82007BEA6B /* TPInfoViewController.m */,
				B956AF77156ACD81007BEA6B /* first.png */,
				B956AF79156ACD82007BEA6B /* first@2x.png */,
				B956AF7E156ACD82007BEA6B /* second.png */,
				B956AF80156ACD82007BEA6B /* second@2x.png */,
				B956AF66156ACD81007BEA6B /* Supporting Files */,
			);
			path = TouchPals;
			sourceTree = "<group>";
		};
		B956AF66156ACD81007BEA6B /* Supporting Files */ = {
			isa = PBXGroup;
			children = (
				B956AF67156ACD81007BEA6B /* TouchPals-Info.plist */,
				B956AF68156ACD81007BEA6B /* InfoPlist.strings */,
				B956AF6B156ACD81007BEA6B /* main.m */,
				B956AF6D156ACD81007BEA6B /* TouchPals-Prefix.pch */,
			);
			name = "Supporting Files";
			sourceTree = "<group>";
		};
/* End PBXGroup section */

/* Begin PBXNativeTarget section */
		B956AF5A156ACD81007BEA6B /* TouchPals */ = {
			isa = PBXNativeTarget;
			buildConfigurationList = B956AF84156ACD82007BEA6B /* Build configuration list for PBXNativeTarget "TouchPals" */;
			buildPhases = (
				B956AF57156ACD81007BEA6B /* Sources */,
				B956AF58156ACD81007BEA6B /* Frameworks */,
				B956AF59156ACD81007BEA6B /* Resources */,
			);
			buildRules = (
			);
			dependencies = (
			);
			name = TouchPals;
			productName = TouchPals;
			productReference = B956AF5B156ACD81007BEA6B /* TouchPals.app */;
			productType = "com.apple.product-type.application";
		};
/* End PBXNativeTarget section */

/* Begin PBXProject section */
		B956AF52156ACD81007BEA6B /* Project object */ = {
			isa = PBXProject;
			attributes = {
				CLASSPREFIX = TP;
				LastUpgradeCheck = 0430;
				ORGANIZATIONNAME = "McGill University";
			};
			buildConfigurationList = B956AF55156ACD81007BEA6B /* Build configuration list for PBXProject "TouchPals" */;
			compatibilityVersion = "Xcode 3.2";
			developmentRegion = English;
			hasScannedForEncodings = 0;
			knownRegions = (
				en,
			);
			mainGroup = B956AF50156ACD81007BEA6B;
			productRefGroup = B956AF5C156ACD81007BEA6B /* Products */;
			projectDirPath = "";
			projectRoot = "";
			targets = (
				B956AF5A156ACD81007BEA6B /* TouchPals */,
			);
		};
/* End PBXProject section */

/* Begin PBXResourcesBuildPhase section */
		B956AF59156ACD81007BEA6B /* Resources */ = {
			isa = PBXResourcesBuildPhase;
			buildActionMask = 2147483647;
			files = (
				B956AF6A156ACD81007BEA6B /* InfoPlist.strings in Resources */,
				B956AF73156ACD81007BEA6B /* MainStoryboard.storyboard in Resources */,
				B956AF78156ACD81007BEA6B /* first.png in Resources */,
				B956AF7A156ACD82007BEA6B /* first@2x.png in Resources */,
				B956AF7F156ACD82007BEA6B /* second.png in Resources */,
				B956AF81156ACD82007BEA6B /* second@2x.png in Resources */,
			);
			runOnlyForDeploymentPostprocessing = 0;
		};
/* End PBXResourcesBuildPhase section */

/* Begin PBXSourcesBuildPhase section */
		B956AF57156ACD81007BEA6B /* Sources */ = {
			isa = PBXSourcesBuildPhase;
			buildActionMask = 2147483647;
			files = (
				B956AF6C156ACD81007BEA6B /* main.m in Sources */,
				B956AF70156ACD81007BEA6B /* TPAppDelegate.m in Sources */,
				B956AF76156ACD81007BEA6B /* TPChatViewController.m in Sources */,
				B956AF7D156ACD82007BEA6B /* TPInfoViewController.m in Sources */,
				B956AF9C156AD6C2007BEA6B /* TPUser.m in Sources */,
				B9C145C8156B0E890066EDB5 /* TPChatEntry.m in Sources */,
				B9C145CE156C09E40066EDB5 /* TPTableViewCellUser.m in Sources */,
				B9C145D1156C12E30066EDB5 /* TPTableViewCellPartner.m in Sources */,
				B943234E156C456200EB15C1 /* TPLoginViewController.m in Sources */,
				B9432352156C49AE00EB15C1 /* TPSignupViewController.m in Sources */,
			);
			runOnlyForDeploymentPostprocessing = 0;
		};
/* End PBXSourcesBuildPhase section */

/* Begin PBXVariantGroup section */
		B956AF68156ACD81007BEA6B /* InfoPlist.strings */ = {
			isa = PBXVariantGroup;
			children = (
				B956AF69156ACD81007BEA6B /* en */,
			);
			name = InfoPlist.strings;
			sourceTree = "<group>";
		};
		B956AF71156ACD81007BEA6B /* MainStoryboard.storyboard */ = {
			isa = PBXVariantGroup;
			children = (
				B956AF72156ACD81007BEA6B /* en */,
			);
			name = MainStoryboard.storyboard;
			sourceTree = "<group>";
		};
/* End PBXVariantGroup section */

/* Begin XCBuildConfiguration section */
		B956AF82156ACD82007BEA6B /* Debug */ = {
			isa = XCBuildConfiguration;
			buildSettings = {
				ALWAYS_SEARCH_USER_PATHS = NO;
				ARCHS = "$(ARCHS_STANDARD_32_BIT)";
				CLANG_ENABLE_OBJC_ARC = YES;
				"CODE_SIGN_IDENTITY[sdk=iphoneos*]" = "iPhone Developer";
				COPY_PHASE_STRIP = NO;
				GCC_C_LANGUAGE_STANDARD = gnu99;
				GCC_DYNAMIC_NO_PIC = NO;
				GCC_OPTIMIZATION_LEVEL = 0;
				GCC_PREPROCESSOR_DEFINITIONS = (
					"DEBUG=1",
					"$(inherited)",
				);
				GCC_SYMBOLS_PRIVATE_EXTERN = NO;
				GCC_VERSION = com.apple.compilers.llvm.clang.1_0;
				GCC_WARN_ABOUT_RETURN_TYPE = YES;
				GCC_WARN_UNINITIALIZED_AUTOS = YES;
				GCC_WARN_UNUSED_VARIABLE = YES;
				IPHONEOS_DEPLOYMENT_TARGET = 5.1;
				SDKROOT = iphoneos;
			};
			name = Debug;
		};
		B956AF83156ACD82007BEA6B /* Release */ = {
			isa = XCBuildConfiguration;
			buildSettings = {
				ALWAYS_SEARCH_USER_PATHS = NO;
				ARCHS = "$(ARCHS_STANDARD_32_BIT)";
				CLANG_ENABLE_OBJC_ARC = YES;
				"CODE_SIGN_IDENTITY[sdk=iphoneos*]" = "iPhone Developer";
				COPY_PHASE_STRIP = YES;
				GCC_C_LANGUAGE_STANDARD = gnu99;
				GCC_VERSION = com.apple.compilers.llvm.clang.1_0;
				GCC_WARN_ABOUT_RETURN_TYPE = YES;
				GCC_WARN_UNINITIALIZED_AUTOS = YES;
				GCC_WARN_UNUSED_VARIABLE = YES;
				IPHONEOS_DEPLOYMENT_TARGET = 5.1;
				OTHER_CFLAGS = "-DNS_BLOCK_ASSERTIONS=1";
				SDKROOT = iphoneos;
				VALIDATE_PRODUCT = YES;
			};
			name = Release;
		};
		B956AF85156ACD82007BEA6B /* Debug */ = {
			isa = XCBuildConfiguration;
			buildSettings = {
				GCC_PRECOMPILE_PREFIX_HEADER = YES;
				GCC_PREFIX_HEADER = "TouchPals/TouchPals-Prefix.pch";
				INFOPLIST_FILE = "TouchPals/TouchPals-Info.plist";
				PRODUCT_NAME = "$(TARGET_NAME)";
				WRAPPER_EXTENSION = app;
			};
			name = Debug;
		};
		B956AF86156ACD82007BEA6B /* Release */ = {
			isa = XCBuildConfiguration;
			buildSettings = {
				GCC_PRECOMPILE_PREFIX_HEADER = YES;
				GCC_PREFIX_HEADER = "TouchPals/TouchPals-Prefix.pch";
				INFOPLIST_FILE = "TouchPals/TouchPals-Info.plist";
				PRODUCT_NAME = "$(TARGET_NAME)";
				WRAPPER_EXTENSION = app;
			};
			name = Release;
		};
/* End XCBuildConfiguration section */

/* Begin XCConfigurationList section */
		B956AF55156ACD81007BEA6B /* Build configuration list for PBXProject "TouchPals" */ = {
			isa = XCConfigurationList;
			buildConfigurations = (
				B956AF82156ACD82007BEA6B /* Debug */,
				B956AF83156ACD82007BEA6B /* Release */,
			);
			defaultConfigurationIsVisible = 0;
			defaultConfigurationName = Release;
		};
		B956AF84156ACD82007BEA6B /* Build configuration list for PBXNativeTarget "TouchPals" */ = {
			isa = XCConfigurationList;
			buildConfigurations = (
				B956AF85156ACD82007BEA6B /* Debug */,
				B956AF86156ACD82007BEA6B /* Release */,
			);
			defaultConfigurationIsVisible = 0;
			defaultConfigurationName = Release;
		};
/* End XCConfigurationList section */
	};
	rootObject = B956AF52156ACD81007BEA6B /* Project object */;
}
