// !$*UTF8*$!
{
	archiveVersion = 1;
	classes = {
	};
	objectVersion = 46;
	objects = {

/* Begin PBXBuildFile section */
		B943234E156C456200EB15C1 /* TPLoginViewController.m in Sources */ = {isa = PBXBuildFile; fileRef = B943234D156C456200EB15C1 /* TPLoginViewController.m */; };
		B9432352156C49AE00EB15C1 /* TPSignupViewController.m in Sources */ = {isa = PBXBuildFile; fileRef = B9432351156C49AE00EB15C1 /* TPSignupViewController.m */; };
		B956AF60156ACD81007BEA6B /* UIKit.framework in Frameworks */ = {isa = PBXBuildFile; fileRef = B956AF5F156ACD81007BEA6B /* UIKit.framework */; };
		B956AF62156ACD81007BEA6B /* Foundation.framework in Frameworks */ = {isa = PBXBuildFile; fileRef = B956AF61156ACD81007BEA6B /* Foundation.framework */; };
		B956AF64156ACD81007BEA6B /* CoreGraphics.framework in Frameworks */ = {isa = PBXBuildFile; fileRef = B956AF63156ACD81007BEA6B /* CoreGraphics.framework */; };
		B956AF6A156ACD81007BEA6B /* InfoPlist.strings in Resources */ = {isa = PBXBuildFile; fileRef = B956AF68156ACD81007BEA6B /* InfoPlist.strings */; };
		B956AF6C156ACD81007BEA6B /* main.m in Sources */ = {isa = PBXBuildFile; fileRef = B956AF6B156ACD81007BEA6B /* main.m */; };
		B956AF70156ACD81007BEA6B /* TPAppDelegate.m in Sources */ = {isa = PBXBuildFile; fileRef = B956AF6F156ACD81007BEA6B /* TPAppDelegate.m */; };
		B956AF73156ACD81007BEA6B /* MainStoryboard.storyboard in Resources */ = {isa = PBXBuildFile; fileRef = B956AF71156ACD81007BEA6B /* MainStoryboard.storyboard */; };
		B956AF76156ACD81007BEA6B /* TPChatViewController.m in Sources */ = {isa = PBXBuildFile; fileRef = B956AF75156ACD81007BEA6B /* TPChatViewController.m */; };
		B956AF78156ACD81007BEA6B /* first.png in Resources */ = {isa = PBXBuildFile; fileRef = B956AF77156ACD81007BEA6B /* first.png */; };
		B956AF7A156ACD82007BEA6B /* first@2x.png in Resources */ = {isa = PBXBuildFile; fileRef = B956AF79156ACD82007BEA6B /* first@2x.png */; };
		B956AF7D156ACD82007BEA6B /* TPInfoViewController.m in Sources */ = {isa = PBXBuildFile; fileRef = B956AF7C156ACD82007BEA6B /* TPInfoViewController.m */; };
		B956AF7F156ACD82007BEA6B /* second.png in Resources */ = {isa = PBXBuildFile; fileRef = B956AF7E156ACD82007BEA6B /* second.png */; };
		B956AF81156ACD82007BEA6B /* second@2x.png in Resources */ = {isa = PBXBuildFile; fileRef = B956AF80156ACD82007BEA6B /* second@2x.png */; };
		B956AF9C156AD6C2007BEA6B /* TPUser.m in Sources */ = {isa = PBXBuildFile; fileRef = B956AF9B156AD6C2007BEA6B /* TPUser.m */; };
		B966EBB8156D9E630006DE30 /* base64.c in Sources */ = {isa = PBXBuildFile; fileRef = B966EBB2156D9E630006DE30 /* base64.c */; };
		B966EBB9156D9E630006DE30 /* SRWebSocket.m in Sources */ = {isa = PBXBuildFile; fileRef = B966EBB5156D9E630006DE30 /* SRWebSocket.m */; };
		B966EBBA156D9E630006DE30 /* NSData+SRB64Additions.m in Sources */ = {isa = PBXBuildFile; fileRef = B966EBB7156D9E630006DE30 /* NSData+SRB64Additions.m */; };
		B966EBC6156D9EE40006DE30 /* CFNetwork.framework in Frameworks */ = {isa = PBXBuildFile; fileRef = B966EBC5156D9EE40006DE30 /* CFNetwork.framework */; };
		B966EBC8156D9EEB0006DE30 /* libicucore.dylib in Frameworks */ = {isa = PBXBuildFile; fileRef = B966EBC7156D9EEB0006DE30 /* libicucore.dylib */; };
		B966EBCA156D9EF00006DE30 /* Security.framework in Frameworks */ = {isa = PBXBuildFile; fileRef = B966EBC9156D9EF00006DE30 /* Security.framework */; };
		B9782828157837AC00B8DF4F /* background.png in Resources */ = {isa = PBXBuildFile; fileRef = B9782827157837AC00B8DF4F /* background.png */; };
		B9782836157844CC00B8DF4F /* smalllogo.png in Resources */ = {isa = PBXBuildFile; fileRef = B9782834157844CC00B8DF4F /* smalllogo.png */; };
		B9782837157844CC00B8DF4F /* smalllogo@2x.png in Resources */ = {isa = PBXBuildFile; fileRef = B9782835157844CC00B8DF4F /* smalllogo@2x.png */; };
		B978283915784BC300B8DF4F /* title.png in Resources */ = {isa = PBXBuildFile; fileRef = B978283815784BC300B8DF4F /* title.png */; };
		B978283C1579757500B8DF4F /* TPElopeConnectionDelegate.m in Sources */ = {isa = PBXBuildFile; fileRef = B978283B1579757500B8DF4F /* TPElopeConnectionDelegate.m */; };
		B978283F1579793F00B8DF4F /* TPUsernameConnectionDelegate.m in Sources */ = {isa = PBXBuildFile; fileRef = B978283E1579793F00B8DF4F /* TPUsernameConnectionDelegate.m */; };
		B978284215797DE600B8DF4F /* TPInviteConnectionDelegate.m in Sources */ = {isa = PBXBuildFile; fileRef = B978284115797DE500B8DF4F /* TPInviteConnectionDelegate.m */; };
		B97828451579A87800B8DF4F /* TPDeviceTokenConnectionDelegate.m in Sources */ = {isa = PBXBuildFile; fileRef = B97828441579A87800B8DF4F /* TPDeviceTokenConnectionDelegate.m */; };
		B97828481579B30400B8DF4F /* TPReportConnectionDelegate.m in Sources */ = {isa = PBXBuildFile; fileRef = B97828471579B30300B8DF4F /* TPReportConnectionDelegate.m */; };
		B978284B1579B78A00B8DF4F /* TPFeedbackViewController.m in Sources */ = {isa = PBXBuildFile; fileRef = B978284A1579B78900B8DF4F /* TPFeedbackViewController.m */; };
		B97A3588156FF9A800E3DF16 /* TPReconnectingViewController.m in Sources */ = {isa = PBXBuildFile; fileRef = B97A3586156FF9A800E3DF16 /* TPReconnectingViewController.m */; };
		B97A3589156FF9A800E3DF16 /* TPReconnectingViewController.xib in Resources */ = {isa = PBXBuildFile; fileRef = B97A3587156FF9A800E3DF16 /* TPReconnectingViewController.xib */; };
		B97A358E1571827600E3DF16 /* TPFindingMatchViewController.m in Sources */ = {isa = PBXBuildFile; fileRef = B97A358C1571827600E3DF16 /* TPFindingMatchViewController.m */; };
		B97A358F1571827600E3DF16 /* TPFindingMatchViewController.xib in Resources */ = {isa = PBXBuildFile; fileRef = B97A358D1571827600E3DF16 /* TPFindingMatchViewController.xib */; };
		B97A35A115740FE300E3DF16 /* StoreKit.framework in Frameworks */ = {isa = PBXBuildFile; fileRef = B97A35A015740FE300E3DF16 /* StoreKit.framework */; };
		B97A35A515756DE400E3DF16 /* chat@2x.png in Resources */ = {isa = PBXBuildFile; fileRef = B97A35A315756DE300E3DF16 /* chat@2x.png */; };
		B97A35A615756DE400E3DF16 /* chat.png in Resources */ = {isa = PBXBuildFile; fileRef = B97A35A415756DE300E3DF16 /* chat.png */; };
		B97A35A915756FD400E3DF16 /* info.png in Resources */ = {isa = PBXBuildFile; fileRef = B97A35A715756FD300E3DF16 /* info.png */; };
		B97A35AA15756FD400E3DF16 /* info@2x.png in Resources */ = {isa = PBXBuildFile; fileRef = B97A35A815756FD300E3DF16 /* info@2x.png */; };
		B97A35AC1575721C00E3DF16 /* arrangedmarriage.png in Resources */ = {isa = PBXBuildFile; fileRef = B97A35AB1575721C00E3DF16 /* arrangedmarriage.png */; };
		B9C145C8156B0E890066EDB5 /* TPChatEntry.m in Sources */ = {isa = PBXBuildFile; fileRef = B9C145C7156B0E890066EDB5 /* TPChatEntry.m */; };
		B9C145CE156C09E40066EDB5 /* TPTableViewCellUser.m in Sources */ = {isa = PBXBuildFile; fileRef = B9C145CD156C09E40066EDB5 /* TPTableViewCellUser.m */; };
		B9C145D1156C12E30066EDB5 /* TPTableViewCellPartner.m in Sources */ = {isa = PBXBuildFile; fileRef = B9C145D0156C12E30066EDB5 /* TPTableViewCellPartner.m */; };
/* End PBXBuildFile section */

/* Begin PBXFileReference section */
		B943234C156C456200EB15C1 /* TPLoginViewController.h */ = {isa = PBXFileReference; fileEncoding = 4; lastKnownFileType = sourcecode.c.h; path = TPLoginViewController.h; sourceTree = "<group>"; };
		B943234D156C456200EB15C1 /* TPLoginViewController.m */ = {isa = PBXFileReference; fileEncoding = 4; lastKnownFileType = sourcecode.c.objc; path = TPLoginViewController.m; sourceTree = "<group>"; };
		B9432350156C49AE00EB15C1 /* TPSignupViewController.h */ = {isa = PBXFileReference; fileEncoding = 4; lastKnownFileType = sourcecode.c.h; path = TPSignupViewController.h; sourceTree = "<group>"; };
		B9432351156C49AE00EB15C1 /* TPSignupViewController.m */ = {isa = PBXFileReference; fileEncoding = 4; lastKnownFileType = sourcecode.c.objc; path = TPSignupViewController.m; sourceTree = "<group>"; };
		B956AF5B156ACD81007BEA6B /* ChatAffair.app */ = {isa = PBXFileReference; explicitFileType = wrapper.application; includeInIndex = 0; path = ChatAffair.app; sourceTree = BUILT_PRODUCTS_DIR; };
		B956AF5F156ACD81007BEA6B /* UIKit.framework */ = {isa = PBXFileReference; lastKnownFileType = wrapper.framework; name = UIKit.framework; path = System/Library/Frameworks/UIKit.framework; sourceTree = SDKROOT; };
		B956AF61156ACD81007BEA6B /* Foundation.framework */ = {isa = PBXFileReference; lastKnownFileType = wrapper.framework; name = Foundation.framework; path = System/Library/Frameworks/Foundation.framework; sourceTree = SDKROOT; };
		B956AF63156ACD81007BEA6B /* CoreGraphics.framework */ = {isa = PBXFileReference; lastKnownFileType = wrapper.framework; name = CoreGraphics.framework; path = System/Library/Frameworks/CoreGraphics.framework; sourceTree = SDKROOT; };
		B956AF67156ACD81007BEA6B /* ChatAffair-Info.plist */ = {isa = PBXFileReference; lastKnownFileType = text.plist.xml; path = "ChatAffair-Info.plist"; sourceTree = "<group>"; };
		B956AF69156ACD81007BEA6B /* en */ = {isa = PBXFileReference; lastKnownFileType = text.plist.strings; name = en; path = en.lproj/InfoPlist.strings; sourceTree = "<group>"; };
		B956AF6B156ACD81007BEA6B /* main.m */ = {isa = PBXFileReference; lastKnownFileType = sourcecode.c.objc; path = main.m; sourceTree = "<group>"; };
		B956AF6D156ACD81007BEA6B /* ChatAffair-Prefix.pch */ = {isa = PBXFileReference; lastKnownFileType = sourcecode.c.h; path = "ChatAffair-Prefix.pch"; sourceTree = "<group>"; };
		B956AF6E156ACD81007BEA6B /* TPAppDelegate.h */ = {isa = PBXFileReference; lastKnownFileType = sourcecode.c.h; path = TPAppDelegate.h; sourceTree = "<group>"; };
		B956AF6F156ACD81007BEA6B /* TPAppDelegate.m */ = {isa = PBXFileReference; lastKnownFileType = sourcecode.c.objc; path = TPAppDelegate.m; sourceTree = "<group>"; };
		B956AF72156ACD81007BEA6B /* en */ = {isa = PBXFileReference; lastKnownFileType = file.storyboard; name = en; path = en.lproj/MainStoryboard.storyboard; sourceTree = "<group>"; };
		B956AF74156ACD81007BEA6B /* TPChatViewController.h */ = {isa = PBXFileReference; lastKnownFileType = sourcecode.c.h; path = TPChatViewController.h; sourceTree = "<group>"; };
		B956AF75156ACD81007BEA6B /* TPChatViewController.m */ = {isa = PBXFileReference; lastKnownFileType = sourcecode.c.objc; path = TPChatViewController.m; sourceTree = "<group>"; };
		B956AF77156ACD81007BEA6B /* first.png */ = {isa = PBXFileReference; lastKnownFileType = image.png; path = first.png; sourceTree = "<group>"; };
		B956AF79156ACD82007BEA6B /* first@2x.png */ = {isa = PBXFileReference; lastKnownFileType = image.png; path = "first@2x.png"; sourceTree = "<group>"; };
		B956AF7B156ACD82007BEA6B /* TPInfoViewController.h */ = {isa = PBXFileReference; lastKnownFileType = sourcecode.c.h; path = TPInfoViewController.h; sourceTree = "<group>"; };
		B956AF7C156ACD82007BEA6B /* TPInfoViewController.m */ = {isa = PBXFileReference; lastKnownFileType = sourcecode.c.objc; path = TPInfoViewController.m; sourceTree = "<group>"; };
		B956AF7E156ACD82007BEA6B /* second.png */ = {isa = PBXFileReference; lastKnownFileType = image.png; path = second.png; sourceTree = "<group>"; };
		B956AF80156ACD82007BEA6B /* second@2x.png */ = {isa = PBXFileReference; lastKnownFileType = image.png; path = "second@2x.png"; sourceTree = "<group>"; };
		B956AF9A156AD6C2007BEA6B /* TPUser.h */ = {isa = PBXFileReference; fileEncoding = 4; lastKnownFileType = sourcecode.c.h; path = TPUser.h; sourceTree = "<group>"; };
		B956AF9B156AD6C2007BEA6B /* TPUser.m */ = {isa = PBXFileReference; fileEncoding = 4; lastKnownFileType = sourcecode.c.objc; path = TPUser.m; sourceTree = "<group>"; };
		B966EBB2156D9E630006DE30 /* base64.c */ = {isa = PBXFileReference; fileEncoding = 4; lastKnownFileType = sourcecode.c.c; path = base64.c; sourceTree = "<group>"; };
		B966EBB3156D9E630006DE30 /* base64.h */ = {isa = PBXFileReference; fileEncoding = 4; lastKnownFileType = sourcecode.c.h; path = base64.h; sourceTree = "<group>"; };
		B966EBB4156D9E630006DE30 /* SRWebSocket.h */ = {isa = PBXFileReference; fileEncoding = 4; lastKnownFileType = sourcecode.c.h; path = SRWebSocket.h; sourceTree = "<group>"; };
		B966EBB5156D9E630006DE30 /* SRWebSocket.m */ = {isa = PBXFileReference; fileEncoding = 4; lastKnownFileType = sourcecode.c.objc; path = SRWebSocket.m; sourceTree = "<group>"; };
		B966EBB6156D9E630006DE30 /* NSData+SRB64Additions.h */ = {isa = PBXFileReference; fileEncoding = 4; lastKnownFileType = sourcecode.c.h; path = "NSData+SRB64Additions.h"; sourceTree = "<group>"; };
		B966EBB7156D9E630006DE30 /* NSData+SRB64Additions.m */ = {isa = PBXFileReference; fileEncoding = 4; lastKnownFileType = sourcecode.c.objc; path = "NSData+SRB64Additions.m"; sourceTree = "<group>"; };
		B966EBC5156D9EE40006DE30 /* CFNetwork.framework */ = {isa = PBXFileReference; lastKnownFileType = wrapper.framework; name = CFNetwork.framework; path = System/Library/Frameworks/CFNetwork.framework; sourceTree = SDKROOT; };
		B966EBC7156D9EEB0006DE30 /* libicucore.dylib */ = {isa = PBXFileReference; lastKnownFileType = "compiled.mach-o.dylib"; name = libicucore.dylib; path = usr/lib/libicucore.dylib; sourceTree = SDKROOT; };
		B966EBC9156D9EF00006DE30 /* Security.framework */ = {isa = PBXFileReference; lastKnownFileType = wrapper.framework; name = Security.framework; path = System/Library/Frameworks/Security.framework; sourceTree = SDKROOT; };
		B9782827157837AC00B8DF4F /* background.png */ = {isa = PBXFileReference; lastKnownFileType = image.png; name = background.png; path = ../../background.png; sourceTree = "<group>"; };
		B9782834157844CC00B8DF4F /* smalllogo.png */ = {isa = PBXFileReference; lastKnownFileType = image.png; name = smalllogo.png; path = ../smalllogo.png; sourceTree = "<group>"; };
		B9782835157844CC00B8DF4F /* smalllogo@2x.png */ = {isa = PBXFileReference; lastKnownFileType = image.png; name = "smalllogo@2x.png"; path = "../smalllogo@2x.png"; sourceTree = "<group>"; };
		B978283815784BC300B8DF4F /* title.png */ = {isa = PBXFileReference; lastKnownFileType = image.png; name = title.png; path = ../title.png; sourceTree = "<group>"; };
		B978283A1579757400B8DF4F /* TPElopeConnectionDelegate.h */ = {isa = PBXFileReference; fileEncoding = 4; lastKnownFileType = sourcecode.c.h; path = TPElopeConnectionDelegate.h; sourceTree = "<group>"; };
		B978283B1579757500B8DF4F /* TPElopeConnectionDelegate.m */ = {isa = PBXFileReference; fileEncoding = 4; lastKnownFileType = sourcecode.c.objc; path = TPElopeConnectionDelegate.m; sourceTree = "<group>"; };
		B978283D1579793E00B8DF4F /* TPUsernameConnectionDelegate.h */ = {isa = PBXFileReference; fileEncoding = 4; lastKnownFileType = sourcecode.c.h; path = TPUsernameConnectionDelegate.h; sourceTree = "<group>"; };
		B978283E1579793F00B8DF4F /* TPUsernameConnectionDelegate.m */ = {isa = PBXFileReference; fileEncoding = 4; lastKnownFileType = sourcecode.c.objc; path = TPUsernameConnectionDelegate.m; sourceTree = "<group>"; };
		B978284015797DE500B8DF4F /* TPInviteConnectionDelegate.h */ = {isa = PBXFileReference; fileEncoding = 4; lastKnownFileType = sourcecode.c.h; path = TPInviteConnectionDelegate.h; sourceTree = "<group>"; };
		B978284115797DE500B8DF4F /* TPInviteConnectionDelegate.m */ = {isa = PBXFileReference; fileEncoding = 4; lastKnownFileType = sourcecode.c.objc; path = TPInviteConnectionDelegate.m; sourceTree = "<group>"; };
		B97828431579A87700B8DF4F /* TPDeviceTokenConnectionDelegate.h */ = {isa = PBXFileReference; fileEncoding = 4; lastKnownFileType = sourcecode.c.h; path = TPDeviceTokenConnectionDelegate.h; sourceTree = "<group>"; };
		B97828441579A87800B8DF4F /* TPDeviceTokenConnectionDelegate.m */ = {isa = PBXFileReference; fileEncoding = 4; lastKnownFileType = sourcecode.c.objc; path = TPDeviceTokenConnectionDelegate.m; sourceTree = "<group>"; };
		B97828461579B30300B8DF4F /* TPReportConnectionDelegate.h */ = {isa = PBXFileReference; fileEncoding = 4; lastKnownFileType = sourcecode.c.h; path = TPReportConnectionDelegate.h; sourceTree = "<group>"; };
		B97828471579B30300B8DF4F /* TPReportConnectionDelegate.m */ = {isa = PBXFileReference; fileEncoding = 4; lastKnownFileType = sourcecode.c.objc; path = TPReportConnectionDelegate.m; sourceTree = "<group>"; };
		B97828491579B78800B8DF4F /* TPFeedbackViewController.h */ = {isa = PBXFileReference; fileEncoding = 4; lastKnownFileType = sourcecode.c.h; path = TPFeedbackViewController.h; sourceTree = "<group>"; };
		B978284A1579B78900B8DF4F /* TPFeedbackViewController.m */ = {isa = PBXFileReference; fileEncoding = 4; lastKnownFileType = sourcecode.c.objc; path = TPFeedbackViewController.m; sourceTree = "<group>"; };
		B97A3585156FF9A800E3DF16 /* TPReconnectingViewController.h */ = {isa = PBXFileReference; fileEncoding = 4; lastKnownFileType = sourcecode.c.h; path = TPReconnectingViewController.h; sourceTree = "<group>"; };
		B97A3586156FF9A800E3DF16 /* TPReconnectingViewController.m */ = {isa = PBXFileReference; fileEncoding = 4; lastKnownFileType = sourcecode.c.objc; path = TPReconnectingViewController.m; sourceTree = "<group>"; };
		B97A3587156FF9A800E3DF16 /* TPReconnectingViewController.xib */ = {isa = PBXFileReference; fileEncoding = 4; lastKnownFileType = file.xib; path = TPReconnectingViewController.xib; sourceTree = "<group>"; };
		B97A358B1571827500E3DF16 /* TPFindingMatchViewController.h */ = {isa = PBXFileReference; fileEncoding = 4; lastKnownFileType = sourcecode.c.h; path = TPFindingMatchViewController.h; sourceTree = "<group>"; };
		B97A358C1571827600E3DF16 /* TPFindingMatchViewController.m */ = {isa = PBXFileReference; fileEncoding = 4; lastKnownFileType = sourcecode.c.objc; path = TPFindingMatchViewController.m; sourceTree = "<group>"; };
		B97A358D1571827600E3DF16 /* TPFindingMatchViewController.xib */ = {isa = PBXFileReference; fileEncoding = 4; lastKnownFileType = file.xib; path = TPFindingMatchViewController.xib; sourceTree = "<group>"; };
		B97A35A015740FE300E3DF16 /* StoreKit.framework */ = {isa = PBXFileReference; lastKnownFileType = wrapper.framework; name = StoreKit.framework; path = System/Library/Frameworks/StoreKit.framework; sourceTree = SDKROOT; };
		B97A35A315756DE300E3DF16 /* chat@2x.png */ = {isa = PBXFileReference; lastKnownFileType = image.png; path = "chat@2x.png"; sourceTree = "<group>"; };
		B97A35A415756DE300E3DF16 /* chat.png */ = {isa = PBXFileReference; lastKnownFileType = image.png; path = chat.png; sourceTree = "<group>"; };
		B97A35A715756FD300E3DF16 /* info.png */ = {isa = PBXFileReference; lastKnownFileType = image.png; path = info.png; sourceTree = "<group>"; };
		B97A35A815756FD300E3DF16 /* info@2x.png */ = {isa = PBXFileReference; lastKnownFileType = image.png; path = "info@2x.png"; sourceTree = "<group>"; };
		B97A35AB1575721C00E3DF16 /* arrangedmarriage.png */ = {isa = PBXFileReference; lastKnownFileType = image.png; path = arrangedmarriage.png; sourceTree = "<group>"; };
		B97A35E61576FA5700E3DF16 /* TouchPals copy-Info.plist */ = {isa = PBXFileReference; lastKnownFileType = text.plist.xml; name = "TouchPals copy-Info.plist"; path = "/Users/jcottrell/Documents/touchproject/TouchPals/TouchPals copy-Info.plist"; sourceTree = "<absolute>"; };
		B9C145C6156B0E890066EDB5 /* TPChatEntry.h */ = {isa = PBXFileReference; fileEncoding = 4; lastKnownFileType = sourcecode.c.h; path = TPChatEntry.h; sourceTree = "<group>"; };
		B9C145C7156B0E890066EDB5 /* TPChatEntry.m */ = {isa = PBXFileReference; fileEncoding = 4; lastKnownFileType = sourcecode.c.objc; path = TPChatEntry.m; sourceTree = "<group>"; };
		B9C145CC156C09E40066EDB5 /* TPTableViewCellUser.h */ = {isa = PBXFileReference; fileEncoding = 4; lastKnownFileType = sourcecode.c.h; path = TPTableViewCellUser.h; sourceTree = "<group>"; };
		B9C145CD156C09E40066EDB5 /* TPTableViewCellUser.m */ = {isa = PBXFileReference; fileEncoding = 4; lastKnownFileType = sourcecode.c.objc; path = TPTableViewCellUser.m; sourceTree = "<group>"; };
		B9C145CF156C12E30066EDB5 /* TPTableViewCellPartner.h */ = {isa = PBXFileReference; fileEncoding = 4; lastKnownFileType = sourcecode.c.h; path = TPTableViewCellPartner.h; sourceTree = "<group>"; };
		B9C145D0156C12E30066EDB5 /* TPTableViewCellPartner.m */ = {isa = PBXFileReference; fileEncoding = 4; lastKnownFileType = sourcecode.c.objc; path = TPTableViewCellPartner.m; sourceTree = "<group>"; };
/* End PBXFileReference section */

/* Begin PBXFrameworksBuildPhase section */
		B956AF58156ACD81007BEA6B /* Frameworks */ = {
			isa = PBXFrameworksBuildPhase;
			buildActionMask = 2147483647;
			files = (
				B97A35A115740FE300E3DF16 /* StoreKit.framework in Frameworks */,
				B966EBCA156D9EF00006DE30 /* Security.framework in Frameworks */,
				B966EBC8156D9EEB0006DE30 /* libicucore.dylib in Frameworks */,
				B966EBC6156D9EE40006DE30 /* CFNetwork.framework in Frameworks */,
				B956AF60156ACD81007BEA6B /* UIKit.framework in Frameworks */,
				B956AF62156ACD81007BEA6B /* Foundation.framework in Frameworks */,
				B956AF64156ACD81007BEA6B /* CoreGraphics.framework in Frameworks */,
			);
			runOnlyForDeploymentPostprocessing = 0;
		};
/* End PBXFrameworksBuildPhase section */

/* Begin PBXGroup section */
		B956AF50156ACD81007BEA6B = {
			isa = PBXGroup;
			children = (
				B978283815784BC300B8DF4F /* title.png */,
				B9782834157844CC00B8DF4F /* smalllogo.png */,
				B9782835157844CC00B8DF4F /* smalllogo@2x.png */,
				B97A35A015740FE300E3DF16 /* StoreKit.framework */,
				B966EBC9156D9EF00006DE30 /* Security.framework */,
				B966EBC7156D9EEB0006DE30 /* libicucore.dylib */,
				B966EBC5156D9EE40006DE30 /* CFNetwork.framework */,
				B956AF65156ACD81007BEA6B /* TouchPals */,
				B956AF5E156ACD81007BEA6B /* Frameworks */,
				B956AF5C156ACD81007BEA6B /* Products */,
				B97A35E61576FA5700E3DF16 /* TouchPals copy-Info.plist */,
			);
			sourceTree = "<group>";
		};
		B956AF5C156ACD81007BEA6B /* Products */ = {
			isa = PBXGroup;
			children = (
				B956AF5B156ACD81007BEA6B /* ChatAffair.app */,
			);
			name = Products;
			sourceTree = "<group>";
		};
		B956AF5E156ACD81007BEA6B /* Frameworks */ = {
			isa = PBXGroup;
			children = (
				B956AF5F156ACD81007BEA6B /* UIKit.framework */,
				B956AF61156ACD81007BEA6B /* Foundation.framework */,
				B956AF63156ACD81007BEA6B /* CoreGraphics.framework */,
			);
			name = Frameworks;
			sourceTree = "<group>";
		};
		B956AF65156ACD81007BEA6B /* TouchPals */ = {
			isa = PBXGroup;
			children = (
				B9C145CC156C09E40066EDB5 /* TPTableViewCellUser.h */,
				B9C145CD156C09E40066EDB5 /* TPTableViewCellUser.m */,
				B9C145CF156C12E30066EDB5 /* TPTableViewCellPartner.h */,
				B9C145D0156C12E30066EDB5 /* TPTableViewCellPartner.m */,
				B9C145C6156B0E890066EDB5 /* TPChatEntry.h */,
				B9C145C7156B0E890066EDB5 /* TPChatEntry.m */,
				B956AF71156ACD81007BEA6B /* MainStoryboard.storyboard */,
				B956AF6E156ACD81007BEA6B /* TPAppDelegate.h */,
				B956AF6F156ACD81007BEA6B /* TPAppDelegate.m */,
				B943234C156C456200EB15C1 /* TPLoginViewController.h */,
				B943234D156C456200EB15C1 /* TPLoginViewController.m */,
				B97828431579A87700B8DF4F /* TPDeviceTokenConnectionDelegate.h */,
				B97828441579A87800B8DF4F /* TPDeviceTokenConnectionDelegate.m */,
				B9432350156C49AE00EB15C1 /* TPSignupViewController.h */,
				B9432351156C49AE00EB15C1 /* TPSignupViewController.m */,
				B956AF9A156AD6C2007BEA6B /* TPUser.h */,
				B956AF9B156AD6C2007BEA6B /* TPUser.m */,
				B956AF74156ACD81007BEA6B /* TPChatViewController.h */,
				B956AF75156ACD81007BEA6B /* TPChatViewController.m */,
				B956AF7B156ACD82007BEA6B /* TPInfoViewController.h */,
				B956AF7C156ACD82007BEA6B /* TPInfoViewController.m */,
				B97828491579B78800B8DF4F /* TPFeedbackViewController.h */,
				B978284A1579B78900B8DF4F /* TPFeedbackViewController.m */,
				B97828461579B30300B8DF4F /* TPReportConnectionDelegate.h */,
				B97828471579B30300B8DF4F /* TPReportConnectionDelegate.m */,
				B978284015797DE500B8DF4F /* TPInviteConnectionDelegate.h */,
				B978284115797DE500B8DF4F /* TPInviteConnectionDelegate.m */,
				B978283A1579757400B8DF4F /* TPElopeConnectionDelegate.h */,
				B978283B1579757500B8DF4F /* TPElopeConnectionDelegate.m */,
				B978283D1579793E00B8DF4F /* TPUsernameConnectionDelegate.h */,
				B978283E1579793F00B8DF4F /* TPUsernameConnectionDelegate.m */,
				B97A358B1571827500E3DF16 /* TPFindingMatchViewController.h */,
				B97A358C1571827600E3DF16 /* TPFindingMatchViewController.m */,
				B97A358D1571827600E3DF16 /* TPFindingMatchViewController.xib */,
				B97A3585156FF9A800E3DF16 /* TPReconnectingViewController.h */,
				B97A3586156FF9A800E3DF16 /* TPReconnectingViewController.m */,
				B97A3587156FF9A800E3DF16 /* TPReconnectingViewController.xib */,
				B9782827157837AC00B8DF4F /* background.png */,
				B956AF77156ACD81007BEA6B /* first.png */,
				B956AF79156ACD82007BEA6B /* first@2x.png */,
				B956AF7E156ACD82007BEA6B /* second.png */,
				B956AF80156ACD82007BEA6B /* second@2x.png */,
				B97A35A415756DE300E3DF16 /* chat.png */,
				B97A35A315756DE300E3DF16 /* chat@2x.png */,
				B97A35A715756FD300E3DF16 /* info.png */,
				B97A35A815756FD300E3DF16 /* info@2x.png */,
				B97A35AB1575721C00E3DF16 /* arrangedmarriage.png */,
				B956AF66156ACD81007BEA6B /* Supporting Files */,
			);
			path = TouchPals;
			sourceTree = "<group>";
		};
		B956AF66156ACD81007BEA6B /* Supporting Files */ = {
			isa = PBXGroup;
			children = (
				B966EBB2156D9E630006DE30 /* base64.c */,
				B966EBB3156D9E630006DE30 /* base64.h */,
				B966EBB4156D9E630006DE30 /* SRWebSocket.h */,
				B966EBB5156D9E630006DE30 /* SRWebSocket.m */,
				B966EBB6156D9E630006DE30 /* NSData+SRB64Additions.h */,
				B966EBB7156D9E630006DE30 /* NSData+SRB64Additions.m */,
				B956AF67156ACD81007BEA6B /* ChatAffair-Info.plist */,
				B956AF68156ACD81007BEA6B /* InfoPlist.strings */,
				B956AF6B156ACD81007BEA6B /* main.m */,
				B956AF6D156ACD81007BEA6B /* ChatAffair-Prefix.pch */,
			);
			name = "Supporting Files";
			sourceTree = "<group>";
		};
/* End PBXGroup section */

/* Begin PBXNativeTarget section */
		B956AF5A156ACD81007BEA6B /* ChatAffair */ = {
			isa = PBXNativeTarget;
			buildConfigurationList = B956AF84156ACD82007BEA6B /* Build configuration list for PBXNativeTarget "ChatAffair" */;
			buildPhases = (
				B956AF57156ACD81007BEA6B /* Sources */,
				B956AF58156ACD81007BEA6B /* Frameworks */,
				B956AF59156ACD81007BEA6B /* Resources */,
			);
			buildRules = (
			);
			dependencies = (
			);
			name = ChatAffair;
			productName = TouchPals;
			productReference = B956AF5B156ACD81007BEA6B /* ChatAffair.app */;
			productType = "com.apple.product-type.application";
		};
/* End PBXNativeTarget section */

/* Begin PBXProject section */
		B956AF52156ACD81007BEA6B /* Project object */ = {
			isa = PBXProject;
			attributes = {
				CLASSPREFIX = TP;
				LastUpgradeCheck = 0430;
				ORGANIZATIONNAME = "McGill University";
			};
			buildConfigurationList = B956AF55156ACD81007BEA6B /* Build configuration list for PBXProject "ChatAffair" */;
			compatibilityVersion = "Xcode 3.2";
			developmentRegion = English;
			hasScannedForEncodings = 0;
			knownRegions = (
				en,
				English,
			);
			mainGroup = B956AF50156ACD81007BEA6B;
			productRefGroup = B956AF5C156ACD81007BEA6B /* Products */;
			projectDirPath = "";
			projectRoot = "";
			targets = (
				B956AF5A156ACD81007BEA6B /* ChatAffair */,
			);
		};
/* End PBXProject section */

/* Begin PBXResourcesBuildPhase section */
		B956AF59156ACD81007BEA6B /* Resources */ = {
			isa = PBXResourcesBuildPhase;
			buildActionMask = 2147483647;
			files = (
				B956AF6A156ACD81007BEA6B /* InfoPlist.strings in Resources */,
				B956AF73156ACD81007BEA6B /* MainStoryboard.storyboard in Resources */,
				B956AF78156ACD81007BEA6B /* first.png in Resources */,
				B956AF7A156ACD82007BEA6B /* first@2x.png in Resources */,
				B956AF7F156ACD82007BEA6B /* second.png in Resources */,
				B956AF81156ACD82007BEA6B /* second@2x.png in Resources */,
				B97A3589156FF9A800E3DF16 /* TPReconnectingViewController.xib in Resources */,
				B97A358F1571827600E3DF16 /* TPFindingMatchViewController.xib in Resources */,
				B97A35A515756DE400E3DF16 /* chat@2x.png in Resources */,
				B97A35A615756DE400E3DF16 /* chat.png in Resources */,
				B97A35A915756FD400E3DF16 /* info.png in Resources */,
				B97A35AA15756FD400E3DF16 /* info@2x.png in Resources */,
				B97A35AC1575721C00E3DF16 /* arrangedmarriage.png in Resources */,
				B9782828157837AC00B8DF4F /* background.png in Resources */,
				B9782836157844CC00B8DF4F /* smalllogo.png in Resources */,
				B9782837157844CC00B8DF4F /* smalllogo@2x.png in Resources */,
				B978283915784BC300B8DF4F /* title.png in Resources */,
			);
			runOnlyForDeploymentPostprocessing = 0;
		};
/* End PBXResourcesBuildPhase section */

/* Begin PBXSourcesBuildPhase section */
		B956AF57156ACD81007BEA6B /* Sources */ = {
			isa = PBXSourcesBuildPhase;
			buildActionMask = 2147483647;
			files = (
				B956AF6C156ACD81007BEA6B /* main.m in Sources */,
				B956AF70156ACD81007BEA6B /* TPAppDelegate.m in Sources */,
				B956AF76156ACD81007BEA6B /* TPChatViewController.m in Sources */,
				B956AF7D156ACD82007BEA6B /* TPInfoViewController.m in Sources */,
				B956AF9C156AD6C2007BEA6B /* TPUser.m in Sources */,
				B9C145C8156B0E890066EDB5 /* TPChatEntry.m in Sources */,
				B9C145CE156C09E40066EDB5 /* TPTableViewCellUser.m in Sources */,
				B9C145D1156C12E30066EDB5 /* TPTableViewCellPartner.m in Sources */,
				B943234E156C456200EB15C1 /* TPLoginViewController.m in Sources */,
				B9432352156C49AE00EB15C1 /* TPSignupViewController.m in Sources */,
				B966EBB8156D9E630006DE30 /* base64.c in Sources */,
				B966EBB9156D9E630006DE30 /* SRWebSocket.m in Sources */,
				B966EBBA156D9E630006DE30 /* NSData+SRB64Additions.m in Sources */,
				B97A3588156FF9A800E3DF16 /* TPReconnectingViewController.m in Sources */,
				B97A358E1571827600E3DF16 /* TPFindingMatchViewController.m in Sources */,
				B978283C1579757500B8DF4F /* TPElopeConnectionDelegate.m in Sources */,
				B978283F1579793F00B8DF4F /* TPUsernameConnectionDelegate.m in Sources */,
				B978284215797DE600B8DF4F /* TPInviteConnectionDelegate.m in Sources */,
				B97828451579A87800B8DF4F /* TPDeviceTokenConnectionDelegate.m in Sources */,
				B97828481579B30400B8DF4F /* TPReportConnectionDelegate.m in Sources */,
				B978284B1579B78A00B8DF4F /* TPFeedbackViewController.m in Sources */,
			);
			runOnlyForDeploymentPostprocessing = 0;
		};
/* End PBXSourcesBuildPhase section */

/* Begin PBXVariantGroup section */
		B956AF68156ACD81007BEA6B /* InfoPlist.strings */ = {
			isa = PBXVariantGroup;
			children = (
				B956AF69156ACD81007BEA6B /* en */,
			);
			name = InfoPlist.strings;
			sourceTree = "<group>";
		};
		B956AF71156ACD81007BEA6B /* MainStoryboard.storyboard */ = {
			isa = PBXVariantGroup;
			children = (
				B956AF72156ACD81007BEA6B /* en */,
			);
			name = MainStoryboard.storyboard;
			sourceTree = "<group>";
		};
/* End PBXVariantGroup section */

/* Begin XCBuildConfiguration section */
		B956AF82156ACD82007BEA6B /* Debug */ = {
			isa = XCBuildConfiguration;
			buildSettings = {
				ALWAYS_SEARCH_USER_PATHS = NO;
				ARCHS = "$(ARCHS_STANDARD_32_BIT)";
				CLANG_ENABLE_OBJC_ARC = YES;
				"CODE_SIGN_IDENTITY[sdk=iphoneos*]" = "iPhone Developer";
				COPY_PHASE_STRIP = NO;
				GCC_C_LANGUAGE_STANDARD = gnu99;
				GCC_DYNAMIC_NO_PIC = NO;
				GCC_OPTIMIZATION_LEVEL = 0;
				GCC_PREPROCESSOR_DEFINITIONS = (
					"DEBUG=1",
					"$(inherited)",
				);
				GCC_SYMBOLS_PRIVATE_EXTERN = NO;
				GCC_VERSION = com.apple.compilers.llvm.clang.1_0;
				GCC_WARN_ABOUT_RETURN_TYPE = YES;
				GCC_WARN_UNINITIALIZED_AUTOS = YES;
				GCC_WARN_UNUSED_VARIABLE = YES;
				IPHONEOS_DEPLOYMENT_TARGET = 5.1;
				SDKROOT = iphoneos;
			};
			name = Debug;
		};
		B956AF83156ACD82007BEA6B /* Release */ = {
			isa = XCBuildConfiguration;
			buildSettings = {
				ALWAYS_SEARCH_USER_PATHS = NO;
				ARCHS = "$(ARCHS_STANDARD_32_BIT)";
				CLANG_ENABLE_OBJC_ARC = YES;
				"CODE_SIGN_IDENTITY[sdk=iphoneos*]" = "iPhone Developer";
				COPY_PHASE_STRIP = YES;
				GCC_C_LANGUAGE_STANDARD = gnu99;
				GCC_VERSION = com.apple.compilers.llvm.clang.1_0;
				GCC_WARN_ABOUT_RETURN_TYPE = YES;
				GCC_WARN_UNINITIALIZED_AUTOS = YES;
				GCC_WARN_UNUSED_VARIABLE = YES;
				IPHONEOS_DEPLOYMENT_TARGET = 5.1;
				OTHER_CFLAGS = "-DNS_BLOCK_ASSERTIONS=1";
				SDKROOT = iphoneos;
				VALIDATE_PRODUCT = YES;
			};
			name = Release;
		};
		B956AF85156ACD82007BEA6B /* Debug */ = {
			isa = XCBuildConfiguration;
			buildSettings = {
				GCC_PRECOMPILE_PREFIX_HEADER = YES;
				GCC_PREFIX_HEADER = "TouchPals/ChatAffair-Prefix.pch";
				INFOPLIST_FILE = "TouchPals/ChatAffair-Info.plist";
				PRODUCT_NAME = ChatAffair;
				WRAPPER_EXTENSION = app;
			};
			name = Debug;
		};
		B956AF86156ACD82007BEA6B /* Release */ = {
			isa = XCBuildConfiguration;
			buildSettings = {
				GCC_PRECOMPILE_PREFIX_HEADER = YES;
				GCC_PREFIX_HEADER = "TouchPals/ChatAffair-Prefix.pch";
				INFOPLIST_FILE = "TouchPals/ChatAffair-Info.plist";
				PRODUCT_NAME = ChatAffair;
				WRAPPER_EXTENSION = app;
			};
			name = Release;
		};
/* End XCBuildConfiguration section */

/* Begin XCConfigurationList section */
		B956AF55156ACD81007BEA6B /* Build configuration list for PBXProject "ChatAffair" */ = {
			isa = XCConfigurationList;
			buildConfigurations = (
				B956AF82156ACD82007BEA6B /* Debug */,
				B956AF83156ACD82007BEA6B /* Release */,
			);
			defaultConfigurationIsVisible = 0;
			defaultConfigurationName = Release;
		};
		B956AF84156ACD82007BEA6B /* Build configuration list for PBXNativeTarget "ChatAffair" */ = {
			isa = XCConfigurationList;
			buildConfigurations = (
				B956AF85156ACD82007BEA6B /* Debug */,
				B956AF86156ACD82007BEA6B /* Release */,
			);
			defaultConfigurationIsVisible = 0;
			defaultConfigurationName = Release;
		};
/* End XCConfigurationList section */
	};
	rootObject = B956AF52156ACD81007BEA6B /* Project object */;
}
